
Microsoft Visual Studio Solution File, Format Version 12.00
# Visual Studio Version 17
VisualStudioVersion = 17.4.33205.214
MinimumVisualStudioVersion = 10.0.40219.1
Project("{FAE04EC0-301F-11D3-BF4B-00C04F79EFBC}") = "NoteTaking", "NoteTaking\NoteTaking.csproj", "{647490C8-CC78-4E12-A939-0150F88A85DC}"
EndProject
Global
	GlobalSection(SolutionConfigurationPlatforms) = preSolution
		Debug|Any CPU = Debug|Any CPU
		Release|Any CPU = Release|Any CPU
	EndGlobalSection
	GlobalSection(ProjectConfigurationPlatforms) = postSolution
		{647490C8-CC78-4E12-A939-0150F88A85DC}.Debug|Any CPU.ActiveCfg = Debug|Any CPU
		{647490C8-CC78-4E12-A939-0150F88A85DC}.Debug|Any CPU.Build.0 = Debug|Any CPU
		{647490C8-CC78-4E12-A939-0150F88A85DC}.Release|Any CPU.ActiveCfg = Release|Any CPU
		{647490C8-CC78-4E12-A939-0150F88A85DC}.Release|Any CPU.Build.0 = Release|Any CPU
	EndGlobalSection
	GlobalSection(SolutionProperties) = preSolution
		HideSolutionNode = FALSE
	EndGlobalSection
	GlobalSection(ExtensibilityGlobals) = postSolution
		SolutionGuid = {79F252F6-EC3F-4B01-8C4A-1AA7846D0AE7}
	EndGlobalSection
EndGlobal
